
Microsoft Visual Studio Solution File, Format Version 12.00
# Visual Studio Version 16
VisualStudioVersion = 16.0.30907.101
MinimumVisualStudioVersion = 10.0.40219.1
Project("{FAE04EC0-301F-11D3-BF4B-00C04F79EFBC}") = "ConsoleTicTacToe", "ConsoleTicTacToe\ConsoleTicTacToe.csproj", "{490CCC54-5D72-4461-9AE6-BFAAB4BB321C}"
EndProject
Global
	GlobalSection(SolutionConfigurationPlatforms) = preSolution
		Debug|Any CPU = Debug|Any CPU
		Release|Any CPU = Release|Any CPU
	EndGlobalSection
	GlobalSection(ProjectConfigurationPlatforms) = postSolution
		{490CCC54-5D72-4461-9AE6-BFAAB4BB321C}.Debug|Any CPU.ActiveCfg = Debug|Any CPU
		{490CCC54-5D72-4461-9AE6-BFAAB4BB321C}.Debug|Any CPU.Build.0 = Debug|Any CPU
		{490CCC54-5D72-4461-9AE6-BFAAB4BB321C}.Release|Any CPU.ActiveCfg = Release|Any CPU
		{490CCC54-5D72-4461-9AE6-BFAAB4BB321C}.Release|Any CPU.Build.0 = Release|Any CPU
	EndGlobalSection
	GlobalSection(SolutionProperties) = preSolution
		HideSolutionNode = FALSE
	EndGlobalSection
	GlobalSection(ExtensibilityGlobals) = postSolution
		SolutionGuid = {186105A1-5758-4C27-BF2D-11D9A88A7B79}
	EndGlobalSection
EndGlobal
